// !$*UTF8*$!
{
	archiveVersion = 1;
	classes = {
	};
	objectVersion = 46;
	objects = {

/* Begin PBXBuildFile section */
		2076F3CD1664944200D5D2F9 /* Foundation.framework in Frameworks */ = {isa = PBXBuildFile; fileRef = 2076F3CC1664944200D5D2F9 /* Foundation.framework */; };
		2076F3D21664944200D5D2F9 /* MailKit.h in CopyFiles */ = {isa = PBXBuildFile; fileRef = 2076F3D11664944200D5D2F9 /* MailKit.h */; };
		2076F3D41664944200D5D2F9 /* MailKit.m in Sources */ = {isa = PBXBuildFile; fileRef = 2076F3D31664944200D5D2F9 /* MailKit.m */; };
		2076F3DC1664944200D5D2F9 /* SenTestingKit.framework in Frameworks */ = {isa = PBXBuildFile; fileRef = 2076F3DB1664944200D5D2F9 /* SenTestingKit.framework */; };
		2076F3DF1664944200D5D2F9 /* Foundation.framework in Frameworks */ = {isa = PBXBuildFile; fileRef = 2076F3CC1664944200D5D2F9 /* Foundation.framework */; };
		2076F3E21664944200D5D2F9 /* libMailKit.a in Frameworks */ = {isa = PBXBuildFile; fileRef = 2076F3C91664944200D5D2F9 /* libMailKit.a */; };
		2076F3E81664944200D5D2F9 /* InfoPlist.strings in Resources */ = {isa = PBXBuildFile; fileRef = 2076F3E61664944200D5D2F9 /* InfoPlist.strings */; };
		2076F3EB1664944200D5D2F9 /* MailKitTests.m in Sources */ = {isa = PBXBuildFile; fileRef = 2076F3EA1664944200D5D2F9 /* MailKitTests.m */; };
		2076F42416649D5900D5D2F9 /* libmailcore.a in Frameworks */ = {isa = PBXBuildFile; fileRef = 2076F40F16649C9300D5D2F9 /* libmailcore.a */; };
		2076F42616649D6500D5D2F9 /* libssl.a in Frameworks */ = {isa = PBXBuildFile; fileRef = 2076F42516649D6500D5D2F9 /* libssl.a */; };
		2076F42816649D7400D5D2F9 /* libsasl2.a in Frameworks */ = {isa = PBXBuildFile; fileRef = 2076F42716649D7400D5D2F9 /* libsasl2.a */; };
		2076F42A16649D7D00D5D2F9 /* libcrypto.a in Frameworks */ = {isa = PBXBuildFile; fileRef = 2076F42916649D7D00D5D2F9 /* libcrypto.a */; };
		2076F42C16649D9700D5D2F9 /* libiconv.dylib in Frameworks */ = {isa = PBXBuildFile; fileRef = 2076F42B16649D9700D5D2F9 /* libiconv.dylib */; };
		2076F42E16649DA800D5D2F9 /* CFNetwork.framework in Frameworks */ = {isa = PBXBuildFile; fileRef = 2076F42D16649DA800D5D2F9 /* CFNetwork.framework */; };
/* End PBXBuildFile section */

/* Begin PBXContainerItemProxy section */
		2076F3E01664944200D5D2F9 /* PBXContainerItemProxy */ = {
			isa = PBXContainerItemProxy;
			containerPortal = 2076F3C01664944200D5D2F9 /* Project object */;
			proxyType = 1;
			remoteGlobalIDString = 2076F3C81664944200D5D2F9;
			remoteInfo = MailKit;
		};
		2076F40C16649C9300D5D2F9 /* PBXContainerItemProxy */ = {
			isa = PBXContainerItemProxy;
			containerPortal = 2076F3F516649C9100D5D2F9 /* MailCore.xcodeproj */;
			proxyType = 2;
			remoteGlobalIDString = 8DC2EF5B0486A6940098B216;
			remoteInfo = MailCore;
		};
		2076F40E16649C9300D5D2F9 /* PBXContainerItemProxy */ = {
			isa = PBXContainerItemProxy;
			containerPortal = 2076F3F516649C9100D5D2F9 /* MailCore.xcodeproj */;
			proxyType = 2;
			remoteGlobalIDString = F8618B5710DADB5C00C41188;
			remoteInfo = "MailCore iOS";
		};
		2076F41016649C9300D5D2F9 /* PBXContainerItemProxy */ = {
			isa = PBXContainerItemProxy;
			containerPortal = 2076F3F516649C9100D5D2F9 /* MailCore.xcodeproj */;
			proxyType = 2;
			remoteGlobalIDString = F8DFCF4915801A5000C01975;
			remoteInfo = Tests;
		};
		2076F42F16649E0700D5D2F9 /* PBXContainerItemProxy */ = {
			isa = PBXContainerItemProxy;
			containerPortal = 2076F3F516649C9100D5D2F9 /* MailCore.xcodeproj */;
			proxyType = 1;
			remoteGlobalIDString = F8618B5610DADB5C00C41188;
			remoteInfo = "MailCore iOS";
		};
/* End PBXContainerItemProxy section */

/* Begin PBXCopyFilesBuildPhase section */
		2076F3C71664944200D5D2F9 /* CopyFiles */ = {
			isa = PBXCopyFilesBuildPhase;
			buildActionMask = 2147483647;
			dstPath = "include/${PRODUCT_NAME}";
			dstSubfolderSpec = 16;
			files = (
				2076F3D21664944200D5D2F9 /* MailKit.h in CopyFiles */,
			);
			runOnlyForDeploymentPostprocessing = 0;
		};
/* End PBXCopyFilesBuildPhase section */

/* Begin PBXFileReference section */
		2076F3C91664944200D5D2F9 /* libMailKit.a */ = {isa = PBXFileReference; explicitFileType = archive.ar; includeInIndex = 0; path = libMailKit.a; sourceTree = BUILT_PRODUCTS_DIR; };
		2076F3CC1664944200D5D2F9 /* Foundation.framework */ = {isa = PBXFileReference; lastKnownFileType = wrapper.framework; name = Foundation.framework; path = System/Library/Frameworks/Foundation.framework; sourceTree = SDKROOT; };
		2076F3D01664944200D5D2F9 /* MailKit-Prefix.pch */ = {isa = PBXFileReference; lastKnownFileType = sourcecode.c.h; path = "MailKit-Prefix.pch"; sourceTree = "<group>"; };
		2076F3D11664944200D5D2F9 /* MailKit.h */ = {isa = PBXFileReference; lastKnownFileType = sourcecode.c.h; path = MailKit.h; sourceTree = "<group>"; };
		2076F3D31664944200D5D2F9 /* MailKit.m */ = {isa = PBXFileReference; lastKnownFileType = sourcecode.c.objc; path = MailKit.m; sourceTree = "<group>"; };
		2076F3DA1664944200D5D2F9 /* MailKitTests.octest */ = {isa = PBXFileReference; explicitFileType = wrapper.cfbundle; includeInIndex = 0; path = MailKitTests.octest; sourceTree = BUILT_PRODUCTS_DIR; };
		2076F3DB1664944200D5D2F9 /* SenTestingKit.framework */ = {isa = PBXFileReference; lastKnownFileType = wrapper.framework; name = SenTestingKit.framework; path = Library/Frameworks/SenTestingKit.framework; sourceTree = DEVELOPER_DIR; };
		2076F3E51664944200D5D2F9 /* MailKitTests-Info.plist */ = {isa = PBXFileReference; lastKnownFileType = text.plist.xml; path = "MailKitTests-Info.plist"; sourceTree = "<group>"; };
		2076F3E71664944200D5D2F9 /* en */ = {isa = PBXFileReference; lastKnownFileType = text.plist.strings; name = en; path = en.lproj/InfoPlist.strings; sourceTree = "<group>"; };
		2076F3E91664944200D5D2F9 /* MailKitTests.h */ = {isa = PBXFileReference; lastKnownFileType = sourcecode.c.h; path = MailKitTests.h; sourceTree = "<group>"; };
		2076F3EA1664944200D5D2F9 /* MailKitTests.m */ = {isa = PBXFileReference; lastKnownFileType = sourcecode.c.objc; path = MailKitTests.m; sourceTree = "<group>"; };
		2076F3F516649C9100D5D2F9 /* MailCore.xcodeproj */ = {isa = PBXFileReference; lastKnownFileType = "wrapper.pb-project"; name = MailCore.xcodeproj; path = MailCore/MailCore.xcodeproj; sourceTree = "<group>"; };
		2076F42516649D6500D5D2F9 /* libssl.a */ = {isa = PBXFileReference; lastKnownFileType = file; name = libssl.a; path = "MailKit/Vendor/MailCore/iOSPorts/ports/security/openssl/build/Release-iphoneos/libssl.a"; sourceTree = "<group>"; };
		2076F42716649D7400D5D2F9 /* libsasl2.a */ = {isa = PBXFileReference; lastKnownFileType = file; name = libsasl2.a; path = "MailKit/Vendor/MailCore/iOSPorts/ports/security/cyrus-sasl/build/Release-iphoneos/libsasl2.a"; sourceTree = "<group>"; };
		2076F42916649D7D00D5D2F9 /* libcrypto.a */ = {isa = PBXFileReference; lastKnownFileType = file; name = libcrypto.a; path = "MailKit/Vendor/MailCore/iOSPorts/ports/security/openssl/build/Release-iphoneos/libcrypto.a"; sourceTree = "<group>"; };
		2076F42B16649D9700D5D2F9 /* libiconv.dylib */ = {isa = PBXFileReference; lastKnownFileType = "compiled.mach-o.dylib"; name = libiconv.dylib; path = usr/lib/libiconv.dylib; sourceTree = SDKROOT; };
		2076F42D16649DA800D5D2F9 /* CFNetwork.framework */ = {isa = PBXFileReference; lastKnownFileType = wrapper.framework; name = CFNetwork.framework; path = System/Library/Frameworks/CFNetwork.framework; sourceTree = SDKROOT; };
/* End PBXFileReference section */

/* Begin PBXFrameworksBuildPhase section */
		2076F3C61664944200D5D2F9 /* Frameworks */ = {
			isa = PBXFrameworksBuildPhase;
			buildActionMask = 2147483647;
			files = (
				2076F42E16649DA800D5D2F9 /* CFNetwork.framework in Frameworks */,
				2076F42C16649D9700D5D2F9 /* libiconv.dylib in Frameworks */,
				2076F42A16649D7D00D5D2F9 /* libcrypto.a in Frameworks */,
				2076F42816649D7400D5D2F9 /* libsasl2.a in Frameworks */,
				2076F42616649D6500D5D2F9 /* libssl.a in Frameworks */,
				2076F42416649D5900D5D2F9 /* libmailcore.a in Frameworks */,
				2076F3CD1664944200D5D2F9 /* Foundation.framework in Frameworks */,
			);
			runOnlyForDeploymentPostprocessing = 0;
		};
		2076F3D61664944200D5D2F9 /* Frameworks */ = {
			isa = PBXFrameworksBuildPhase;
			buildActionMask = 2147483647;
			files = (
				2076F3DC1664944200D5D2F9 /* SenTestingKit.framework in Frameworks */,
				2076F3DF1664944200D5D2F9 /* Foundation.framework in Frameworks */,
				2076F3E21664944200D5D2F9 /* libMailKit.a in Frameworks */,
			);
			runOnlyForDeploymentPostprocessing = 0;
		};
/* End PBXFrameworksBuildPhase section */

/* Begin PBXGroup section */
		2076F3BE1664944200D5D2F9 = {
			isa = PBXGroup;
			children = (
				2076F3F4166496FF00D5D2F9 /* Vendor */,
				2076F3CE1664944200D5D2F9 /* MailKit */,
				2076F3E31664944200D5D2F9 /* MailKitTests */,
				2076F3CB1664944200D5D2F9 /* Frameworks */,
				2076F3CA1664944200D5D2F9 /* Products */,
			);
			sourceTree = "<group>";
		};
		2076F3CA1664944200D5D2F9 /* Products */ = {
			isa = PBXGroup;
			children = (
				2076F3C91664944200D5D2F9 /* libMailKit.a */,
				2076F3DA1664944200D5D2F9 /* MailKitTests.octest */,
			);
			name = Products;
			sourceTree = "<group>";
		};
		2076F3CB1664944200D5D2F9 /* Frameworks */ = {
			isa = PBXGroup;
			children = (
				2076F42D16649DA800D5D2F9 /* CFNetwork.framework */,
				2076F42B16649D9700D5D2F9 /* libiconv.dylib */,
				2076F42916649D7D00D5D2F9 /* libcrypto.a */,
				2076F42716649D7400D5D2F9 /* libsasl2.a */,
				2076F42516649D6500D5D2F9 /* libssl.a */,
				2076F3CC1664944200D5D2F9 /* Foundation.framework */,
				2076F3DB1664944200D5D2F9 /* SenTestingKit.framework */,
			);
			name = Frameworks;
			sourceTree = "<group>";
		};
		2076F3CE1664944200D5D2F9 /* MailKit */ = {
			isa = PBXGroup;
			children = (
				2076F3D11664944200D5D2F9 /* MailKit.h */,
				2076F3D31664944200D5D2F9 /* MailKit.m */,
				2076F3CF1664944200D5D2F9 /* Supporting Files */,
			);
			path = MailKit;
			sourceTree = "<group>";
		};
		2076F3CF1664944200D5D2F9 /* Supporting Files */ = {
			isa = PBXGroup;
			children = (
				2076F3D01664944200D5D2F9 /* MailKit-Prefix.pch */,
			);
			name = "Supporting Files";
			sourceTree = "<group>";
		};
		2076F3E31664944200D5D2F9 /* MailKitTests */ = {
			isa = PBXGroup;
			children = (
				2076F3E91664944200D5D2F9 /* MailKitTests.h */,
				2076F3EA1664944200D5D2F9 /* MailKitTests.m */,
				2076F3E41664944200D5D2F9 /* Supporting Files */,
			);
			path = MailKitTests;
			sourceTree = "<group>";
		};
		2076F3E41664944200D5D2F9 /* Supporting Files */ = {
			isa = PBXGroup;
			children = (
				2076F3E51664944200D5D2F9 /* MailKitTests-Info.plist */,
				2076F3E61664944200D5D2F9 /* InfoPlist.strings */,
			);
			name = "Supporting Files";
			sourceTree = "<group>";
		};
		2076F3F4166496FF00D5D2F9 /* Vendor */ = {
			isa = PBXGroup;
			children = (
				2076F41616649CBA00D5D2F9 /* MailCore */,
			);
			name = Vendor;
			path = MailKit/Vendor;
			sourceTree = "<group>";
		};
		2076F3F616649C9100D5D2F9 /* Products */ = {
			isa = PBXGroup;
			children = (
				2076F40D16649C9300D5D2F9 /* MailCore.framework */,
				2076F40F16649C9300D5D2F9 /* libmailcore.a */,
				2076F41116649C9300D5D2F9 /* Tests.octest */,
			);
			name = Products;
			sourceTree = "<group>";
		};
		2076F41616649CBA00D5D2F9 /* MailCore */ = {
			isa = PBXGroup;
			children = (
				2076F3F516649C9100D5D2F9 /* MailCore.xcodeproj */,
			);
			name = MailCore;
			sourceTree = "<group>";
		};
/* End PBXGroup section */

/* Begin PBXNativeTarget section */
		2076F3C81664944200D5D2F9 /* MailKit */ = {
			isa = PBXNativeTarget;
			buildConfigurationList = 2076F3EE1664944200D5D2F9 /* Build configuration list for PBXNativeTarget "MailKit" */;
			buildPhases = (
				2076F3C51664944200D5D2F9 /* Sources */,
				2076F3C61664944200D5D2F9 /* Frameworks */,
				2076F3C71664944200D5D2F9 /* CopyFiles */,
			);
			buildRules = (
			);
			dependencies = (
				2076F43016649E0700D5D2F9 /* PBXTargetDependency */,
			);
			name = MailKit;
			productName = MailKit;
			productReference = 2076F3C91664944200D5D2F9 /* libMailKit.a */;
			productType = "com.apple.product-type.library.static";
		};
		2076F3D91664944200D5D2F9 /* MailKitTests */ = {
			isa = PBXNativeTarget;
			buildConfigurationList = 2076F3F11664944200D5D2F9 /* Build configuration list for PBXNativeTarget "MailKitTests" */;
			buildPhases = (
				2076F3D51664944200D5D2F9 /* Sources */,
				2076F3D61664944200D5D2F9 /* Frameworks */,
				2076F3D71664944200D5D2F9 /* Resources */,
				2076F3D81664944200D5D2F9 /* ShellScript */,
			);
			buildRules = (
			);
			dependencies = (
				2076F3E11664944200D5D2F9 /* PBXTargetDependency */,
			);
			name = MailKitTests;
			productName = MailKitTests;
			productReference = 2076F3DA1664944200D5D2F9 /* MailKitTests.octest */;
			productType = "com.apple.product-type.bundle";
		};
/* End PBXNativeTarget section */

/* Begin PBXProject section */
		2076F3C01664944200D5D2F9 /* Project object */ = {
			isa = PBXProject;
			attributes = {
				LastUpgradeCheck = 0450;
				ORGANIZATIONNAME = "Yiming Tang";
			};
			buildConfigurationList = 2076F3C31664944200D5D2F9 /* Build configuration list for PBXProject "MailKit" */;
			compatibilityVersion = "Xcode 3.2";
			developmentRegion = English;
			hasScannedForEncodings = 0;
			knownRegions = (
				en,
			);
			mainGroup = 2076F3BE1664944200D5D2F9;
			productRefGroup = 2076F3CA1664944200D5D2F9 /* Products */;
			projectDirPath = "";
			projectReferences = (
				{
					ProductGroup = 2076F3F616649C9100D5D2F9 /* Products */;
					ProjectRef = 2076F3F516649C9100D5D2F9 /* MailCore.xcodeproj */;
				},
			);
			projectRoot = "";
			targets = (
				2076F3C81664944200D5D2F9 /* MailKit */,
				2076F3D91664944200D5D2F9 /* MailKitTests */,
			);
		};
/* End PBXProject section */

/* Begin PBXReferenceProxy section */
		2076F40D16649C9300D5D2F9 /* MailCore.framework */ = {
			isa = PBXReferenceProxy;
			fileType = wrapper.framework;
			path = MailCore.framework;
			remoteRef = 2076F40C16649C9300D5D2F9 /* PBXContainerItemProxy */;
			sourceTree = BUILT_PRODUCTS_DIR;
		};
		2076F40F16649C9300D5D2F9 /* libmailcore.a */ = {
			isa = PBXReferenceProxy;
			fileType = archive.ar;
			path = libmailcore.a;
			remoteRef = 2076F40E16649C9300D5D2F9 /* PBXContainerItemProxy */;
			sourceTree = BUILT_PRODUCTS_DIR;
		};
		2076F41116649C9300D5D2F9 /* Tests.octest */ = {
			isa = PBXReferenceProxy;
			fileType = wrapper.cfbundle;
			path = Tests.octest;
			remoteRef = 2076F41016649C9300D5D2F9 /* PBXContainerItemProxy */;
			sourceTree = BUILT_PRODUCTS_DIR;
		};
/* End PBXReferenceProxy section */

/* Begin PBXResourcesBuildPhase section */
		2076F3D71664944200D5D2F9 /* Resources */ = {
			isa = PBXResourcesBuildPhase;
			buildActionMask = 2147483647;
			files = (
				2076F3E81664944200D5D2F9 /* InfoPlist.strings in Resources */,
			);
			runOnlyForDeploymentPostprocessing = 0;
		};
/* End PBXResourcesBuildPhase section */

/* Begin PBXShellScriptBuildPhase section */
		2076F3D81664944200D5D2F9 /* ShellScript */ = {
			isa = PBXShellScriptBuildPhase;
			buildActionMask = 2147483647;
			files = (
			);
			inputPaths = (
			);
			outputPaths = (
			);
			runOnlyForDeploymentPostprocessing = 0;
			shellPath = /bin/sh;
			shellScript = "# Run the unit tests in this test bundle.\n\"${SYSTEM_DEVELOPER_DIR}/Tools/RunUnitTests\"\n";
		};
/* End PBXShellScriptBuildPhase section */

/* Begin PBXSourcesBuildPhase section */
		2076F3C51664944200D5D2F9 /* Sources */ = {
			isa = PBXSourcesBuildPhase;
			buildActionMask = 2147483647;
			files = (
				2076F3D41664944200D5D2F9 /* MailKit.m in Sources */,
			);
			runOnlyForDeploymentPostprocessing = 0;
		};
		2076F3D51664944200D5D2F9 /* Sources */ = {
			isa = PBXSourcesBuildPhase;
			buildActionMask = 2147483647;
			files = (
				2076F3EB1664944200D5D2F9 /* MailKitTests.m in Sources */,
			);
			runOnlyForDeploymentPostprocessing = 0;
		};
/* End PBXSourcesBuildPhase section */

/* Begin PBXTargetDependency section */
		2076F3E11664944200D5D2F9 /* PBXTargetDependency */ = {
			isa = PBXTargetDependency;
			target = 2076F3C81664944200D5D2F9 /* MailKit */;
			targetProxy = 2076F3E01664944200D5D2F9 /* PBXContainerItemProxy */;
		};
		2076F43016649E0700D5D2F9 /* PBXTargetDependency */ = {
			isa = PBXTargetDependency;
			name = "MailCore iOS";
			targetProxy = 2076F42F16649E0700D5D2F9 /* PBXContainerItemProxy */;
		};
/* End PBXTargetDependency section */

/* Begin PBXVariantGroup section */
		2076F3E61664944200D5D2F9 /* InfoPlist.strings */ = {
			isa = PBXVariantGroup;
			children = (
				2076F3E71664944200D5D2F9 /* en */,
			);
			name = InfoPlist.strings;
			sourceTree = "<group>";
		};
/* End PBXVariantGroup section */

/* Begin XCBuildConfiguration section */
		2076F3EC1664944200D5D2F9 /* Debug */ = {
			isa = XCBuildConfiguration;
			buildSettings = {
				ALWAYS_SEARCH_USER_PATHS = NO;
				CLANG_CXX_LANGUAGE_STANDARD = "gnu++0x";
				CLANG_CXX_LIBRARY = "libc++";
				CLANG_ENABLE_OBJC_ARC = YES;
				CLANG_WARN_EMPTY_BODY = YES;
				CLANG_WARN__DUPLICATE_METHOD_MATCH = YES;
				COPY_PHASE_STRIP = NO;
				GCC_C_LANGUAGE_STANDARD = gnu99;
				GCC_DYNAMIC_NO_PIC = NO;
				GCC_OPTIMIZATION_LEVEL = 0;
				GCC_PREPROCESSOR_DEFINITIONS = (
					"DEBUG=1",
					"$(inherited)",
				);
				GCC_SYMBOLS_PRIVATE_EXTERN = NO;
				GCC_WARN_ABOUT_RETURN_TYPE = YES;
				GCC_WARN_UNINITIALIZED_AUTOS = YES;
				GCC_WARN_UNUSED_VARIABLE = YES;
				IPHONEOS_DEPLOYMENT_TARGET = 6.0;
				ONLY_ACTIVE_ARCH = YES;
				SDKROOT = iphoneos;
			};
			name = Debug;
		};
		2076F3ED1664944200D5D2F9 /* Release */ = {
			isa = XCBuildConfiguration;
			buildSettings = {
				ALWAYS_SEARCH_USER_PATHS = NO;
				CLANG_CXX_LANGUAGE_STANDARD = "gnu++0x";
				CLANG_CXX_LIBRARY = "libc++";
				CLANG_ENABLE_OBJC_ARC = YES;
				CLANG_WARN_EMPTY_BODY = YES;
				CLANG_WARN__DUPLICATE_METHOD_MATCH = YES;
				COPY_PHASE_STRIP = YES;
				GCC_C_LANGUAGE_STANDARD = gnu99;
				GCC_WARN_ABOUT_RETURN_TYPE = YES;
				GCC_WARN_UNINITIALIZED_AUTOS = YES;
				GCC_WARN_UNUSED_VARIABLE = YES;
				IPHONEOS_DEPLOYMENT_TARGET = 6.0;
				SDKROOT = iphoneos;
				VALIDATE_PRODUCT = YES;
			};
			name = Release;
		};
		2076F3EF1664944200D5D2F9 /* Debug */ = {
			isa = XCBuildConfiguration;
			buildSettings = {
				DSTROOT = /tmp/MailKit.dst;
				GCC_PRECOMPILE_PREFIX_HEADER = YES;
				GCC_PREFIX_HEADER = "MailKit/MailKit-Prefix.pch";
				HEADER_SEARCH_PATHS = "$(BUILT_PRODUCTS_DIR)/../../include";
				OTHER_LDFLAGS = "-ObjC";
				PRODUCT_NAME = "$(TARGET_NAME)";
				SKIP_INSTALL = YES;
			};
			name = Debug;
		};
		2076F3F01664944200D5D2F9 /* Release */ = {
			isa = XCBuildConfiguration;
			buildSettings = {
				DSTROOT = /tmp/MailKit.dst;
				GCC_PRECOMPILE_PREFIX_HEADER = YES;
				GCC_PREFIX_HEADER = "MailKit/MailKit-Prefix.pch";
				HEADER_SEARCH_PATHS = "$(BUILT_PRODUCTS_DIR)/../../include";
				OTHER_LDFLAGS = "-ObjC";
				PRODUCT_NAME = "$(TARGET_NAME)";
				SKIP_INSTALL = YES;
			};
			name = Release;
		};
		2076F3F21664944200D5D2F9 /* Debug */ = {
			isa = XCBuildConfiguration;
			buildSettings = {
				FRAMEWORK_SEARCH_PATHS = (
					"\"$(SDKROOT)/Developer/Library/Frameworks\"",
					"\"$(DEVELOPER_LIBRARY_DIR)/Frameworks\"",
				);
				GCC_PRECOMPILE_PREFIX_HEADER = YES;
				GCC_PREFIX_HEADER = "MailKit/MailKit-Prefix.pch";
				INFOPLIST_FILE = "MailKitTests/MailKitTests-Info.plist";
				PRODUCT_NAME = "$(TARGET_NAME)";
				WRAPPER_EXTENSION = octest;
			};
			name = Debug;
		};
		2076F3F31664944200D5D2F9 /* Release */ = {
			isa = XCBuildConfiguration;
			buildSettings = {
				FRAMEWORK_SEARCH_PATHS = (
					"\"$(SDKROOT)/Developer/Library/Frameworks\"",
					"\"$(DEVELOPER_LIBRARY_DIR)/Frameworks\"",
				);
				GCC_PRECOMPILE_PREFIX_HEADER = YES;
				GCC_PREFIX_HEADER = "MailKit/MailKit-Prefix.pch";
				INFOPLIST_FILE = "MailKitTests/MailKitTests-Info.plist";
				PRODUCT_NAME = "$(TARGET_NAME)";
				WRAPPER_EXTENSION = octest;
			};
			name = Release;
		};
/* End XCBuildConfiguration section */

/* Begin XCConfigurationList section */
		2076F3C31664944200D5D2F9 /* Build configuration list for PBXProject "MailKit" */ = {
			isa = XCConfigurationList;
			buildConfigurations = (
				2076F3EC1664944200D5D2F9 /* Debug */,
				2076F3ED1664944200D5D2F9 /* Release */,
			);
			defaultConfigurationIsVisible = 0;
			defaultConfigurationName = Release;
		};
		2076F3EE1664944200D5D2F9 /* Build configuration list for PBXNativeTarget "MailKit" */ = {
			isa = XCConfigurationList;
			buildConfigurations = (
				2076F3EF1664944200D5D2F9 /* Debug */,
				2076F3F01664944200D5D2F9 /* Release */,
			);
			defaultConfigurationIsVisible = 0;
		};
		2076F3F11664944200D5D2F9 /* Build configuration list for PBXNativeTarget "MailKitTests" */ = {
			isa = XCConfigurationList;
			buildConfigurations = (
				2076F3F21664944200D5D2F9 /* Debug */,
				2076F3F31664944200D5D2F9 /* Release */,
			);
			defaultConfigurationIsVisible = 0;
		};
/* End XCConfigurationList section */
	};
	rootObject = 2076F3C01664944200D5D2F9 /* Project object */;
}
